
Microsoft Visual Studio Solution File, Format Version 12.00
# Visual Studio Version 17
VisualStudioVersion = 17.14.37111.16
MinimumVisualStudioVersion = 10.0.40219.1
Project("{FAE04EC0-301F-11D3-BF4B-00C04F79EFBC}") = "MainModule", "MainModule.csproj", "{9543A9BF-DECC-461C-97B9-E77D57E089FF}"
EndProject
Project("{FAE04EC0-301F-11D3-BF4B-00C04F79EFBC}") = "LibraryModule", "..\libs\LibraryModule\LibraryModule.csproj", "{866F1B69-0F85-99EA-BB87-6E851A45B365}"
EndProject
Global
	GlobalSection(SolutionConfigurationPlatforms) = preSolution
		Debug|Any CPU = Debug|Any CPU
		Release|Any CPU = Release|Any CPU
	EndGlobalSection
	GlobalSection(ProjectConfigurationPlatforms) = postSolution
		{9543A9BF-DECC-461C-97B9-E77D57E089FF}.Debug|Any CPU.ActiveCfg = Debug|Any CPU
		{9543A9BF-DECC-461C-97B9-E77D57E089FF}.Debug|Any CPU.Build.0 = Debug|Any CPU
		{9543A9BF-DECC-461C-97B9-E77D57E089FF}.Release|Any CPU.ActiveCfg = Release|Any CPU
		{9543A9BF-DECC-461C-97B9-E77D57E089FF}.Release|Any CPU.Build.0 = Release|Any CPU
		{866F1B69-0F85-99EA-BB87-6E851A45B365}.Debug|Any CPU.ActiveCfg = Debug|Any CPU
		{866F1B69-0F85-99EA-BB87-6E851A45B365}.Debug|Any CPU.Build.0 = Debug|Any CPU
		{866F1B69-0F85-99EA-BB87-6E851A45B365}.Release|Any CPU.ActiveCfg = Release|Any CPU
		{866F1B69-0F85-99EA-BB87-6E851A45B365}.Release|Any CPU.Build.0 = Release|Any CPU
	EndGlobalSection
	GlobalSection(SolutionProperties) = preSolution
		HideSolutionNode = FALSE
	EndGlobalSection
	GlobalSection(ExtensibilityGlobals) = postSolution
		SolutionGuid = {C1747D76-C840-4950-9336-2783665F6D50}
	EndGlobalSection
EndGlobal
